
Microsoft Visual Studio Solution File, Format Version 12.00
# Visual Studio Version 17
VisualStudioVersion = 17.4.33122.133
MinimumVisualStudioVersion = 10.0.40219.1
Project("{FAE04EC0-301F-11D3-BF4B-00C04F79EFBC}") = "MultiPurposeApi", "MultiPurposeApi\MultiPurposeApi.csproj", "{FDCDFDF8-EBF3-4B7B-9113-847AD6EA4688}"
EndProject
Global
	GlobalSection(SolutionConfigurationPlatforms) = preSolution
		Debug|Any CPU = Debug|Any CPU
		Release|Any CPU = Release|Any CPU
	EndGlobalSection
	GlobalSection(ProjectConfigurationPlatforms) = postSolution
		{FDCDFDF8-EBF3-4B7B-9113-847AD6EA4688}.Debug|Any CPU.ActiveCfg = Debug|Any CPU
		{FDCDFDF8-EBF3-4B7B-9113-847AD6EA4688}.Debug|Any CPU.Build.0 = Debug|Any CPU
		{FDCDFDF8-EBF3-4B7B-9113-847AD6EA4688}.Release|Any CPU.ActiveCfg = Release|Any CPU
		{FDCDFDF8-EBF3-4B7B-9113-847AD6EA4688}.Release|Any CPU.Build.0 = Release|Any CPU
	EndGlobalSection
	GlobalSection(SolutionProperties) = preSolution
		HideSolutionNode = FALSE
	EndGlobalSection
	GlobalSection(ExtensibilityGlobals) = postSolution
		SolutionGuid = {1FFFA77A-5E00-410F-B89E-139ACC003012}
	EndGlobalSection
EndGlobal
